<?xml version="1.0" encoding="utf-8"?>
<Project ToolsVersion="16.0" xmlns="http://schemas.microsoft.com/developer/msbuild/2003">
  <ItemGroup>
    <ClCompile Include="C:\VSProjects\RootSlice_code\code_files\main.cpp">
      <Filter>Source Files</Filter>
    </ClCompile>
    <ClCompile Include="C:\VSProjects\RootSlice_code\code_files\rsBaseGeometry.cpp">
      <Filter>Source Files</Filter>
    </ClCompile>
    <ClCompile Include="C:\VSProjects\RootSlice_code\code_files\rsBaseGeometryMX.cpp">
      <Filter>Source Files</Filter>
    </ClCompile>
    <ClCompile Include="C:\VSProjects\RootSlice_code\code_files\rsBaseGeometryPX.cpp">
      <Filter>Source Files</Filter>
    </ClCompile>
    <ClCompile Include="C:\VSProjects\RootSlice_code\code_files\rsDataOutput.cpp">
      <Filter>Source Files</Filter>
    </ClCompile>
    <ClCompile Include="C:\VSProjects\RootSlice_code\code_files\rsDynamicDataOutput.cpp">
      <Filter>Source Files</Filter>
    </ClCompile>
    <ClCompile Include="C:\VSProjects\RootSlice_code\code_files\rsEpiCortexEndoWaterPathDB.cpp">
      <Filter>Source Files</Filter>
    </ClCompile>
    <ClCompile Include="C:\VSProjects\RootSlice_code\code_files\rsEpiCortexEndoWaterPathDBVisual.cpp">
      <Filter>Source Files</Filter>
    </ClCompile>
    <ClCompile Include="C:\VSProjects\RootSlice_code\code_files\rsMXBoundaryDB.cpp">
      <Filter>Source Files</Filter>
    </ClCompile>
    <ClCompile Include="C:\VSProjects\RootSlice_code\code_files\rsMXBoundaryOutDB.cpp">
      <Filter>Source Files</Filter>
    </ClCompile>
    <ClCompile Include="C:\VSProjects\RootSlice_code\code_files\rsMXBoundaryOutVisual.cpp">
      <Filter>Source Files</Filter>
    </ClCompile>
    <ClCompile Include="C:\VSProjects\RootSlice_code\code_files\rsMXBoundaryVisual.cpp">
      <Filter>Source Files</Filter>
    </ClCompile>
    <ClCompile Include="C:\VSProjects\RootSlice_code\code_files\rsMXCoreDB.cpp">
      <Filter>Source Files</Filter>
    </ClCompile>
    <ClCompile Include="C:\VSProjects\RootSlice_code\code_files\rsMXCoreVisual.cpp">
      <Filter>Source Files</Filter>
    </ClCompile>
    <ClCompile Include="C:\VSProjects\RootSlice_code\code_files\rsPXBoundaryDB.cpp">
      <Filter>Source Files</Filter>
    </ClCompile>
    <ClCompile Include="C:\VSProjects\RootSlice_code\code_files\rsPXBoundaryVisual.cpp">
      <Filter>Source Files</Filter>
    </ClCompile>
    <ClCompile Include="C:\VSProjects\RootSlice_code\code_files\rsPXCoreDB.cpp">
      <Filter>Source Files</Filter>
    </ClCompile>
    <ClCompile Include="C:\VSProjects\RootSlice_code\code_files\rsPXCoreVisual.cpp">
      <Filter>Source Files</Filter>
    </ClCompile>
    <ClCompile Include="C:\VSProjects\RootSlice_code\code_files\rsPhloemDB.cpp">
      <Filter>Source Files</Filter>
    </ClCompile>
    <ClCompile Include="C:\VSProjects\RootSlice_code\code_files\rsPhloemVisual.cpp">
      <Filter>Source Files</Filter>
    </ClCompile>
    <ClCompile Include="C:\VSProjects\RootSlice_code\code_files\rsRcaDB.cpp">
      <Filter>Source Files</Filter>
    </ClCompile>
    <ClCompile Include="C:\VSProjects\RootSlice_code\code_files\rsSourceCorticalDB.cpp">
      <Filter>Source Files</Filter>
    </ClCompile>
    <ClCompile Include="C:\VSProjects\RootSlice_code\code_files\rsSourceCorticalVisual.cpp">
      <Filter>Source Files</Filter>
    </ClCompile>
    <ClCompile Include="C:\VSProjects\RootSlice_code\code_files\rsSourceEpidermisDB.cpp">
      <Filter>Source Files</Filter>
    </ClCompile>
    <ClCompile Include="C:\VSProjects\RootSlice_code\code_files\rsSourceEpidermisVisual.cpp">
      <Filter>Source Files</Filter>
    </ClCompile>
    <ClCompile Include="C:\VSProjects\RootSlice_code\code_files\rsSteleInnerDB.cpp">
      <Filter>Source Files</Filter>
    </ClCompile>
    <ClCompile Include="C:\VSProjects\RootSlice_code\code_files\rsSteleInnerVisual.cpp">
      <Filter>Source Files</Filter>
    </ClCompile>
    <ClCompile Include="C:\VSProjects\RootSlice_code\code_files\tinystr.cpp">
      <Filter>Source Files</Filter>
    </ClCompile>
    <ClCompile Include="C:\VSProjects\RootSlice_code\code_files\tinyxml.cpp">
      <Filter>Source Files</Filter>
    </ClCompile>
    <ClCompile Include="C:\VSProjects\RootSlice_code\code_files\tinyxmlerror.cpp">
      <Filter>Source Files</Filter>
    </ClCompile>
    <ClCompile Include="C:\VSProjects\RootSlice_code\code_files\tinyxmlparser.cpp">
      <Filter>Source Files</Filter>
    </ClCompile>
    <ClCompile Include="C:\VSProjects\RootSlice_code\code_files\viStringTokenizer.cpp">
      <Filter>Source Files</Filter>
    </ClCompile>
  </ItemGroup>
  <ItemGroup>
    <CustomBuild Include="C:\VSProjects\RootSlice_code\CMakeLists.txt" />
  </ItemGroup>
  <ItemGroup>
    <Filter Include="Source Files">
      <UniqueIdentifier>{FC2AC8E2-4B9A-3F17-A61D-724EBB36DDBB}</UniqueIdentifier>
    </Filter>
  </ItemGroup>
</Project>
