
Microsoft Visual Studio Solution File, Format Version 12.00
# Visual Studio Version 16
VisualStudioVersion = 16.0.31112.23
MinimumVisualStudioVersion = 10.0.40219.1
Project("{8BC9CEB8-8B4A-11D0-8D11-00A0C91BC942}") = "RootSlice", "RootSlice.vcxproj", "{C97852F7-1EF0-3202-97E2-2FAEFF290B20}"
EndProject
Global
	GlobalSection(SolutionConfigurationPlatforms) = preSolution
		Debug|x64 = Debug|x64
		MinSizeRel|x64 = MinSizeRel|x64
		Release|x64 = Release|x64
		RelWithDebInfo|x64 = RelWithDebInfo|x64
	EndGlobalSection
	GlobalSection(ProjectConfigurationPlatforms) = postSolution
		{C97852F7-1EF0-3202-97E2-2FAEFF290B20}.Debug|x64.ActiveCfg = Debug|x64
		{C97852F7-1EF0-3202-97E2-2FAEFF290B20}.Debug|x64.Build.0 = Debug|x64
		{C97852F7-1EF0-3202-97E2-2FAEFF290B20}.MinSizeRel|x64.ActiveCfg = MinSizeRel|x64
		{C97852F7-1EF0-3202-97E2-2FAEFF290B20}.MinSizeRel|x64.Build.0 = MinSizeRel|x64
		{C97852F7-1EF0-3202-97E2-2FAEFF290B20}.Release|x64.ActiveCfg = Release|x64
		{C97852F7-1EF0-3202-97E2-2FAEFF290B20}.Release|x64.Build.0 = Release|x64
		{C97852F7-1EF0-3202-97E2-2FAEFF290B20}.RelWithDebInfo|x64.ActiveCfg = RelWithDebInfo|x64
		{C97852F7-1EF0-3202-97E2-2FAEFF290B20}.RelWithDebInfo|x64.Build.0 = RelWithDebInfo|x64
	EndGlobalSection
	GlobalSection(SolutionProperties) = preSolution
		HideSolutionNode = FALSE
	EndGlobalSection
	GlobalSection(ExtensibilityGlobals) = postSolution
		SolutionGuid = {2975E3ED-9632-31A1-A08E-43CACE37F37D}
	EndGlobalSection
EndGlobal
