<?xml version="1.0" encoding="utf-8"?>
<Project ToolsVersion="16.0" xmlns="http://schemas.microsoft.com/developer/msbuild/2003">
  <ItemGroup>
    <ClCompile Include="C:\VSProjects\RootSlice_code\git\code_files\main.cpp" />
    <ClCompile Include="C:\VSProjects\RootSlice_code\git\code_files\rsBaseGeometry.cpp" />
    <ClCompile Include="C:\VSProjects\RootSlice_code\git\code_files\rsBaseGeometryMX.cpp" />
    <ClCompile Include="C:\VSProjects\RootSlice_code\git\code_files\rsBaseGeometryPX.cpp" />
    <ClCompile Include="C:\VSProjects\RootSlice_code\git\code_files\rsDataOutput.cpp" />
    <ClCompile Include="C:\VSProjects\RootSlice_code\git\code_files\rsDynamicDataOutput.cpp" />
    <ClCompile Include="C:\VSProjects\RootSlice_code\git\code_files\rsEpiCortexEndoWaterPathDB.cpp" />
    <ClCompile Include="C:\VSProjects\RootSlice_code\git\code_files\rsEpiCortexEndoWaterPathDBVisual.cpp" />
    <ClCompile Include="C:\VSProjects\RootSlice_code\git\code_files\rsMXBoundaryDB.cpp" />
    <ClCompile Include="C:\VSProjects\RootSlice_code\git\code_files\rsMXBoundaryOutDB.cpp" />
    <ClCompile Include="C:\VSProjects\RootSlice_code\git\code_files\rsMXBoundaryOutVisual.cpp" />
    <ClCompile Include="C:\VSProjects\RootSlice_code\git\code_files\rsMXBoundaryVisual.cpp" />
    <ClCompile Include="C:\VSProjects\RootSlice_code\git\code_files\rsMXCoreDB.cpp" />
    <ClCompile Include="C:\VSProjects\RootSlice_code\git\code_files\rsMXCoreVisual.cpp" />
    <ClCompile Include="C:\VSProjects\RootSlice_code\git\code_files\rsPXBoundaryDB.cpp" />
    <ClCompile Include="C:\VSProjects\RootSlice_code\git\code_files\rsPXBoundaryVisual.cpp" />
    <ClCompile Include="C:\VSProjects\RootSlice_code\git\code_files\rsPXCoreDB.cpp" />
    <ClCompile Include="C:\VSProjects\RootSlice_code\git\code_files\rsPXCoreVisual.cpp" />
    <ClCompile Include="C:\VSProjects\RootSlice_code\git\code_files\rsPhloemDB.cpp" />
    <ClCompile Include="C:\VSProjects\RootSlice_code\git\code_files\rsPhloemVisual.cpp" />
    <ClCompile Include="C:\VSProjects\RootSlice_code\git\code_files\rsRcaDB.cpp" />
    <ClCompile Include="C:\VSProjects\RootSlice_code\git\code_files\rsSourceCorticalDB.cpp" />
    <ClCompile Include="C:\VSProjects\RootSlice_code\git\code_files\rsSourceCorticalVisual.cpp" />
    <ClCompile Include="C:\VSProjects\RootSlice_code\git\code_files\rsSourceEpidermisDB.cpp" />
    <ClCompile Include="C:\VSProjects\RootSlice_code\git\code_files\rsSourceEpidermisVisual.cpp" />
    <ClCompile Include="C:\VSProjects\RootSlice_code\git\code_files\rsSteleInnerDB.cpp" />
    <ClCompile Include="C:\VSProjects\RootSlice_code\git\code_files\rsSteleInnerVisual.cpp" />
    <ClCompile Include="C:\VSProjects\RootSlice_code\git\code_files\tinystr.cpp" />
    <ClCompile Include="C:\VSProjects\RootSlice_code\git\code_files\tinyxml.cpp" />
    <ClCompile Include="C:\VSProjects\RootSlice_code\git\code_files\tinyxmlerror.cpp" />
    <ClCompile Include="C:\VSProjects\RootSlice_code\git\code_files\tinyxmlparser.cpp" />
    <ClCompile Include="C:\VSProjects\RootSlice_code\git\code_files\viStringTokenizer.cpp" />
  </ItemGroup>
  <ItemGroup>
    <Filter Include="Source Files">
      <UniqueIdentifier>{FC2AC8E2-4B9A-3F17-A61D-724EBB36DDBB}</UniqueIdentifier>
    </Filter>
  </ItemGroup>
</Project>